{
  "object": {
    "pins": [
      {
        "package": "WolfBase",
        "repositoryURL": "https://github.com/WolfMcNally/WolfBase",
        "state": {
          "branch": null,
          "revision": "11077d0fb6a75e7ee400d107fd7d78c1c101ad7f",
          "version": "3.22.0"
        }
      }
    ]
  },
  "version": 1
}
